// !$*UTF8*$!
{
	archiveVersion = 1;
	classes = {
	};
	objectVersion = 50;
	objects = {

/* Begin PBXBuildFile section */
		1CB17F9F2246F7BB0038CD99 /* AppDelegate.swift in Sources */ = {isa = PBXBuildFile; fileRef = 1CB17F9E2246F7BB0038CD99 /* AppDelegate.swift */; };
		1CB17FA12246F7BB0038CD99 /* ViewController.swift in Sources */ = {isa = PBXBuildFile; fileRef = 1CB17FA02246F7BB0038CD99 /* ViewController.swift */; };
		1CB17FA42246F7BB0038CD99 /* Main.storyboard in Resources */ = {isa = PBXBuildFile; fileRef = 1CB17FA22246F7BB0038CD99 /* Main.storyboard */; };
		1CB17FA62246F7BB0038CD99 /* Assets.xcassets in Resources */ = {isa = PBXBuildFile; fileRef = 1CB17FA52246F7BB0038CD99 /* Assets.xcassets */; };
		1CB17FA92246F7BB0038CD99 /* LaunchScreen.storyboard in Resources */ = {isa = PBXBuildFile; fileRef = 1CB17FA72246F7BB0038CD99 /* LaunchScreen.storyboard */; };
		1CB17FB42246F7BB0038CD99 /* iOS_HackingTests.swift in Sources */ = {isa = PBXBuildFile; fileRef = 1CB17FB32246F7BB0038CD99 /* iOS_HackingTests.swift */; };
/* End PBXBuildFile section */

/* Begin PBXContainerItemProxy section */
		1CB17FB02246F7BB0038CD99 /* PBXContainerItemProxy */ = {
			isa = PBXContainerItemProxy;
			containerPortal = 1CB17F932246F7BA0038CD99 /* Project object */;
			proxyType = 1;
			remoteGlobalIDString = 1CB17F9A2246F7BA0038CD99;
			remoteInfo = iOS_Hacking;
		};
/* End PBXContainerItemProxy section */

/* Begin PBXFileReference section */
		1CB17F9B2246F7BB0038CD99 /* iOS_Hacking.app */ = {isa = PBXFileReference; explicitFileType = wrapper.application; includeInIndex = 0; path = iOS_Hacking.app; sourceTree = BUILT_PRODUCTS_DIR; };
		1CB17F9E2246F7BB0038CD99 /* AppDelegate.swift */ = {isa = PBXFileReference; lastKnownFileType = sourcecode.swift; path = AppDelegate.swift; sourceTree = "<group>"; };
		1CB17FA02246F7BB0038CD99 /* ViewController.swift */ = {isa = PBXFileReference; lastKnownFileType = sourcecode.swift; path = ViewController.swift; sourceTree = "<group>"; };
		1CB17FA32246F7BB0038CD99 /* Base */ = {isa = PBXFileReference; lastKnownFileType = file.storyboard; name = Base; path = Base.lproj/Main.storyboard; sourceTree = "<group>"; };
		1CB17FA52246F7BB0038CD99 /* Assets.xcassets */ = {isa = PBXFileReference; lastKnownFileType = folder.assetcatalog; path = Assets.xcassets; sourceTree = "<group>"; };
		1CB17FA82246F7BB0038CD99 /* Base */ = {isa = PBXFileReference; lastKnownFileType = file.storyboard; name = Base; path = Base.lproj/LaunchScreen.storyboard; sourceTree = "<group>"; };
		1CB17FAA2246F7BB0038CD99 /* Info.plist */ = {isa = PBXFileReference; lastKnownFileType = text.plist.xml; path = Info.plist; sourceTree = "<group>"; };
		1CB17FAF2246F7BB0038CD99 /* iOS_HackingTests.xctest */ = {isa = PBXFileReference; explicitFileType = wrapper.cfbundle; includeInIndex = 0; path = iOS_HackingTests.xctest; sourceTree = BUILT_PRODUCTS_DIR; };
		1CB17FB32246F7BB0038CD99 /* iOS_HackingTests.swift */ = {isa = PBXFileReference; lastKnownFileType = sourcecode.swift; path = iOS_HackingTests.swift; sourceTree = "<group>"; };
		1CB17FB52246F7BB0038CD99 /* Info.plist */ = {isa = PBXFileReference; lastKnownFileType = text.plist.xml; path = Info.plist; sourceTree = "<group>"; };
/* End PBXFileReference section */

/* Begin PBXFrameworksBuildPhase section */
		1CB17F982246F7BA0038CD99 /* Frameworks */ = {
			isa = PBXFrameworksBuildPhase;
			buildActionMask = 2147483647;
			files = (
			);
			runOnlyForDeploymentPostprocessing = 0;
		};
		1CB17FAC2246F7BB0038CD99 /* Frameworks */ = {
			isa = PBXFrameworksBuildPhase;
			buildActionMask = 2147483647;
			files = (
			);
			runOnlyForDeploymentPostprocessing = 0;
		};
/* End PBXFrameworksBuildPhase section */

/* Begin PBXGroup section */
		1CB17F922246F7BA0038CD99 = {
			isa = PBXGroup;
			children = (
				1CB17F9D2246F7BB0038CD99 /* iOS_Hacking */,
				1CB17FB22246F7BB0038CD99 /* iOS_HackingTests */,
				1CB17F9C2246F7BB0038CD99 /* Products */,
			);
			sourceTree = "<group>";
		};
		1CB17F9C2246F7BB0038CD99 /* Products */ = {
			isa = PBXGroup;
			children = (
				1CB17F9B2246F7BB0038CD99 /* iOS_Hacking.app */,
				1CB17FAF2246F7BB0038CD99 /* iOS_HackingTests.xctest */,
			);
			name = Products;
			sourceTree = "<group>";
		};
		1CB17F9D2246F7BB0038CD99 /* iOS_Hacking */ = {
			isa = PBXGroup;
			children = (
				1CB17F9E2246F7BB0038CD99 /* AppDelegate.swift */,
				1CB17FA02246F7BB0038CD99 /* ViewController.swift */,
				1CB17FA22246F7BB0038CD99 /* Main.storyboard */,
				1CB17FA52246F7BB0038CD99 /* Assets.xcassets */,
				1CB17FA72246F7BB0038CD99 /* LaunchScreen.storyboard */,
				1CB17FAA2246F7BB0038CD99 /* Info.plist */,
			);
			path = iOS_Hacking;
			sourceTree = "<group>";
		};
		1CB17FB22246F7BB0038CD99 /* iOS_HackingTests */ = {
			isa = PBXGroup;
			children = (
				1CB17FB32246F7BB0038CD99 /* iOS_HackingTests.swift */,
				1CB17FB52246F7BB0038CD99 /* Info.plist */,
			);
			path = iOS_HackingTests;
			sourceTree = "<group>";
		};
/* End PBXGroup section */

/* Begin PBXNativeTarget section */
		1CB17F9A2246F7BA0038CD99 /* iOS_Hacking */ = {
			isa = PBXNativeTarget;
			buildConfigurationList = 1CB17FB82246F7BB0038CD99 /* Build configuration list for PBXNativeTarget "iOS_Hacking" */;
			buildPhases = (
				1CB17F972246F7BA0038CD99 /* Sources */,
				1CB17F982246F7BA0038CD99 /* Frameworks */,
				1CB17F992246F7BA0038CD99 /* Resources */,
			);
			buildRules = (
			);
			dependencies = (
			);
			name = iOS_Hacking;
			productName = iOS_Hacking;
			productReference = 1CB17F9B2246F7BB0038CD99 /* iOS_Hacking.app */;
			productType = "com.apple.product-type.application";
		};
		1CB17FAE2246F7BB0038CD99 /* iOS_HackingTests */ = {
			isa = PBXNativeTarget;
			buildConfigurationList = 1CB17FBB2246F7BB0038CD99 /* Build configuration list for PBXNativeTarget "iOS_HackingTests" */;
			buildPhases = (
				1CB17FAB2246F7BB0038CD99 /* Sources */,
				1CB17FAC2246F7BB0038CD99 /* Frameworks */,
				1CB17FAD2246F7BB0038CD99 /* Resources */,
			);
			buildRules = (
			);
			dependencies = (
				1CB17FB12246F7BB0038CD99 /* PBXTargetDependency */,
			);
			name = iOS_HackingTests;
			productName = iOS_HackingTests;
			productReference = 1CB17FAF2246F7BB0038CD99 /* iOS_HackingTests.xctest */;
			productType = "com.apple.product-type.bundle.unit-test";
		};
/* End PBXNativeTarget section */

/* Begin PBXProject section */
		1CB17F932246F7BA0038CD99 /* Project object */ = {
			isa = PBXProject;
			attributes = {
				LastSwiftUpdateCheck = 1020;
				LastUpgradeCheck = 1020;
				ORGANIZATIONNAME = "Romy Ilano";
				TargetAttributes = {
					1CB17F9A2246F7BA0038CD99 = {
						CreatedOnToolsVersion = 10.2;
					};
					1CB17FAE2246F7BB0038CD99 = {
						CreatedOnToolsVersion = 10.2;
						TestTargetID = 1CB17F9A2246F7BA0038CD99;
					};
				};
			};
			buildConfigurationList = 1CB17F962246F7BA0038CD99 /* Build configuration list for PBXProject "iOS_Hacking" */;
			compatibilityVersion = "Xcode 9.3";
			developmentRegion = en;
			hasScannedForEncodings = 0;
			knownRegions = (
				en,
				Base,
			);
			mainGroup = 1CB17F922246F7BA0038CD99;
			productRefGroup = 1CB17F9C2246F7BB0038CD99 /* Products */;
			projectDirPath = "";
			projectRoot = "";
			targets = (
				1CB17F9A2246F7BA0038CD99 /* iOS_Hacking */,
				1CB17FAE2246F7BB0038CD99 /* iOS_HackingTests */,
			);
		};
/* End PBXProject section */

/* Begin PBXResourcesBuildPhase section */
		1CB17F992246F7BA0038CD99 /* Resources */ = {
			isa = PBXResourcesBuildPhase;
			buildActionMask = 2147483647;
			files = (
				1CB17FA92246F7BB0038CD99 /* LaunchScreen.storyboard in Resources */,
				1CB17FA62246F7BB0038CD99 /* Assets.xcassets in Resources */,
				1CB17FA42246F7BB0038CD99 /* Main.storyboard in Resources */,
			);
			runOnlyForDeploymentPostprocessing = 0;
		};
		1CB17FAD2246F7BB0038CD99 /* Resources */ = {
			isa = PBXResourcesBuildPhase;
			buildActionMask = 2147483647;
			files = (
			);
			runOnlyForDeploymentPostprocessing = 0;
		};
/* End PBXResourcesBuildPhase section */

/* Begin PBXSourcesBuildPhase section */
		1CB17F972246F7BA0038CD99 /* Sources */ = {
			isa = PBXSourcesBuildPhase;
			buildActionMask = 2147483647;
			files = (
				1CB17FA12246F7BB0038CD99 /* ViewController.swift in Sources */,
				1CB17F9F2246F7BB0038CD99 /* AppDelegate.swift in Sources */,
			);
			runOnlyForDeploymentPostprocessing = 0;
		};
		1CB17FAB2246F7BB0038CD99 /* Sources */ = {
			isa = PBXSourcesBuildPhase;
			buildActionMask = 2147483647;
			files = (
				1CB17FB42246F7BB0038CD99 /* iOS_HackingTests.swift in Sources */,
			);
			runOnlyForDeploymentPostprocessing = 0;
		};
/* End PBXSourcesBuildPhase section */

/* Begin PBXTargetDependency section */
		1CB17FB12246F7BB0038CD99 /* PBXTargetDependency */ = {
			isa = PBXTargetDependency;
			target = 1CB17F9A2246F7BA0038CD99 /* iOS_Hacking */;
			targetProxy = 1CB17FB02246F7BB0038CD99 /* PBXContainerItemProxy */;
		};
/* End PBXTargetDependency section */

/* Begin PBXVariantGroup section */
		1CB17FA22246F7BB0038CD99 /* Main.storyboard */ = {
			isa = PBXVariantGroup;
			children = (
				1CB17FA32246F7BB0038CD99 /* Base */,
			);
			name = Main.storyboard;
			sourceTree = "<group>";
		};
		1CB17FA72246F7BB0038CD99 /* LaunchScreen.storyboard */ = {
			isa = PBXVariantGroup;
			children = (
				1CB17FA82246F7BB0038CD99 /* Base */,
			);
			name = LaunchScreen.storyboard;
			sourceTree = "<group>";
		};
/* End PBXVariantGroup section */

/* Begin XCBuildConfiguration section */
		1CB17FB62246F7BB0038CD99 /* Debug */ = {
			isa = XCBuildConfiguration;
			buildSettings = {
				ALWAYS_SEARCH_USER_PATHS = NO;
				CLANG_ANALYZER_NONNULL = YES;
				CLANG_ANALYZER_NUMBER_OBJECT_CONVERSION = YES_AGGRESSIVE;
				CLANG_CXX_LANGUAGE_STANDARD = "gnu++14";
				CLANG_CXX_LIBRARY = "libc++";
				CLANG_ENABLE_MODULES = YES;
				CLANG_ENABLE_OBJC_ARC = YES;
				CLANG_ENABLE_OBJC_WEAK = YES;
				CLANG_WARN_BLOCK_CAPTURE_AUTORELEASING = YES;
				CLANG_WARN_BOOL_CONVERSION = YES;
				CLANG_WARN_COMMA = YES;
				CLANG_WARN_CONSTANT_CONVERSION = YES;
				CLANG_WARN_DEPRECATED_OBJC_IMPLEMENTATIONS = YES;
				CLANG_WARN_DIRECT_OBJC_ISA_USAGE = YES_ERROR;
				CLANG_WARN_DOCUMENTATION_COMMENTS = YES;
				CLANG_WARN_EMPTY_BODY = YES;
				CLANG_WARN_ENUM_CONVERSION = YES;
				CLANG_WARN_INFINITE_RECURSION = YES;
				CLANG_WARN_INT_CONVERSION = YES;
				CLANG_WARN_NON_LITERAL_NULL_CONVERSION = YES;
				CLANG_WARN_OBJC_IMPLICIT_RETAIN_SELF = YES;
				CLANG_WARN_OBJC_LITERAL_CONVERSION = YES;
				CLANG_WARN_OBJC_ROOT_CLASS = YES_ERROR;
				CLANG_WARN_RANGE_LOOP_ANALYSIS = YES;
				CLANG_WARN_STRICT_PROTOTYPES = YES;
				CLANG_WARN_SUSPICIOUS_MOVE = YES;
				CLANG_WARN_UNGUARDED_AVAILABILITY = YES_AGGRESSIVE;
				CLANG_WARN_UNREACHABLE_CODE = YES;
				CLANG_WARN__DUPLICATE_METHOD_MATCH = YES;
				CODE_SIGN_IDENTITY = "iPhone Developer";
				COPY_PHASE_STRIP = NO;
				DEBUG_INFORMATION_FORMAT = dwarf;
				ENABLE_STRICT_OBJC_MSGSEND = YES;
				ENABLE_TESTABILITY = YES;
				GCC_C_LANGUAGE_STANDARD = gnu11;
				GCC_DYNAMIC_NO_PIC = NO;
				GCC_NO_COMMON_BLOCKS = YES;
				GCC_OPTIMIZATION_LEVEL = 0;
				GCC_PREPROCESSOR_DEFINITIONS = (
					"DEBUG=1",
					"$(inherited)",
				);
				GCC_WARN_64_TO_32_BIT_CONVERSION = YES;
				GCC_WARN_ABOUT_RETURN_TYPE = YES_ERROR;
				GCC_WARN_UNDECLARED_SELECTOR = YES;
				GCC_WARN_UNINITIALIZED_AUTOS = YES_AGGRESSIVE;
				GCC_WARN_UNUSED_FUNCTION = YES;
				GCC_WARN_UNUSED_VARIABLE = YES;
				IPHONEOS_DEPLOYMENT_TARGET = 12.2;
				MTL_ENABLE_DEBUG_INFO = INCLUDE_SOURCE;
				MTL_FAST_MATH = YES;
				ONLY_ACTIVE_ARCH = YES;
				SDKROOT = iphoneos;
				SWIFT_ACTIVE_COMPILATION_CONDITIONS = DEBUG;
				SWIFT_OPTIMIZATION_LEVEL = "-Onone";
			};
			name = Debug;
		};
		1CB17FB72246F7BB0038CD99 /* Release */ = {
			isa = XCBuildConfiguration;
			buildSettings = {
				ALWAYS_SEARCH_USER_PATHS = NO;
				CLANG_ANALYZER_NONNULL = YES;
				CLANG_ANALYZER_NUMBER_OBJECT_CONVERSION = YES_AGGRESSIVE;
				CLANG_CXX_LANGUAGE_STANDARD = "gnu++14";
				CLANG_CXX_LIBRARY = "libc++";
				CLANG_ENABLE_MODULES = YES;
				CLANG_ENABLE_OBJC_ARC = YES;
				CLANG_ENABLE_OBJC_WEAK = YES;
				CLANG_WARN_BLOCK_CAPTURE_AUTORELEASING = YES;
				CLANG_WARN_BOOL_CONVERSION = YES;
				CLANG_WARN_COMMA = YES;
				CLANG_WARN_CONSTANT_CONVERSION = YES;
				CLANG_WARN_DEPRECATED_OBJC_IMPLEMENTATIONS = YES;
				CLANG_WARN_DIRECT_OBJC_ISA_USAGE = YES_ERROR;
				CLANG_WARN_DOCUMENTATION_COMMENTS = YES;
				CLANG_WARN_EMPTY_BODY = YES;
				CLANG_WARN_ENUM_CONVERSION = YES;
				CLANG_WARN_INFINITE_RECURSION = YES;
				CLANG_WARN_INT_CONVERSION = YES;
				CLANG_WARN_NON_LITERAL_NULL_CONVERSION = YES;
				CLANG_WARN_OBJC_IMPLICIT_RETAIN_SELF = YES;
				CLANG_WARN_OBJC_LITERAL_CONVERSION = YES;
				CLANG_WARN_OBJC_ROOT_CLASS = YES_ERROR;
				CLANG_WARN_RANGE_LOOP_ANALYSIS = YES;
				CLANG_WARN_STRICT_PROTOTYPES = YES;
				CLANG_WARN_SUSPICIOUS_MOVE = YES;
				CLANG_WARN_UNGUARDED_AVAILABILITY = YES_AGGRESSIVE;
				CLANG_WARN_UNREACHABLE_CODE = YES;
				CLANG_WARN__DUPLICATE_METHOD_MATCH = YES;
				CODE_SIGN_IDENTITY = "iPhone Developer";
				COPY_PHASE_STRIP = NO;
				DEBUG_INFORMATION_FORMAT = "dwarf-with-dsym";
				ENABLE_NS_ASSERTIONS = NO;
				ENABLE_STRICT_OBJC_MSGSEND = YES;
				GCC_C_LANGUAGE_STANDARD = gnu11;
				GCC_NO_COMMON_BLOCKS = YES;
				GCC_WARN_64_TO_32_BIT_CONVERSION = YES;
				GCC_WARN_ABOUT_RETURN_TYPE = YES_ERROR;
				GCC_WARN_UNDECLARED_SELECTOR = YES;
				GCC_WARN_UNINITIALIZED_AUTOS = YES_AGGRESSIVE;
				GCC_WARN_UNUSED_FUNCTION = YES;
				GCC_WARN_UNUSED_VARIABLE = YES;
				IPHONEOS_DEPLOYMENT_TARGET = 12.2;
				MTL_ENABLE_DEBUG_INFO = NO;
				MTL_FAST_MATH = YES;
				SDKROOT = iphoneos;
				SWIFT_COMPILATION_MODE = wholemodule;
				SWIFT_OPTIMIZATION_LEVEL = "-O";
				VALIDATE_PRODUCT = YES;
			};
			name = Release;
		};
		1CB17FB92246F7BB0038CD99 /* Debug */ = {
			isa = XCBuildConfiguration;
			buildSettings = {
				ASSETCATALOG_COMPILER_APPICON_NAME = AppIcon;
				CODE_SIGN_STYLE = Automatic;
				DEVELOPMENT_TEAM = 6K559Y986U;
				INFOPLIST_FILE = iOS_Hacking/Info.plist;
				LD_RUNPATH_SEARCH_PATHS = (
					"$(inherited)",
					"@executable_path/Frameworks",
				);
				PRODUCT_BUNDLE_IDENTIFIER = "com.snowyla..iOS-Hacking";
				PRODUCT_NAME = "$(TARGET_NAME)";
				SWIFT_VERSION = 5.0;
				TARGETED_DEVICE_FAMILY = "1,2";
			};
			name = Debug;
		};
		1CB17FBA2246F7BB0038CD99 /* Release */ = {
			isa = XCBuildConfiguration;
			buildSettings = {
				ASSETCATALOG_COMPILER_APPICON_NAME = AppIcon;
				CODE_SIGN_STYLE = Automatic;
				DEVELOPMENT_TEAM = 6K559Y986U;
				INFOPLIST_FILE = iOS_Hacking/Info.plist;
				LD_RUNPATH_SEARCH_PATHS = (
					"$(inherited)",
					"@executable_path/Frameworks",
				);
				PRODUCT_BUNDLE_IDENTIFIER = "com.snowyla..iOS-Hacking";
				PRODUCT_NAME = "$(TARGET_NAME)";
				SWIFT_VERSION = 5.0;
				TARGETED_DEVICE_FAMILY = "1,2";
			};
			name = Release;
		};
		1CB17FBC2246F7BB0038CD99 /* Debug */ = {
			isa = XCBuildConfiguration;
			buildSettings = {
				ALWAYS_EMBED_SWIFT_STANDARD_LIBRARIES = YES;
				BUNDLE_LOADER = "$(TEST_HOST)";
				CODE_SIGN_STYLE = Automatic;
				DEVELOPMENT_TEAM = 6K559Y986U;
				INFOPLIST_FILE = iOS_HackingTests/Info.plist;
				LD_RUNPATH_SEARCH_PATHS = (
					"$(inherited)",
					"@executable_path/Frameworks",
					"@loader_path/Frameworks",
				);
				PRODUCT_BUNDLE_IDENTIFIER = "com.snowyla..iOS-HackingTests";
				PRODUCT_NAME = "$(TARGET_NAME)";
				SWIFT_VERSION = 5.0;
				TARGETED_DEVICE_FAMILY = "1,2";
				TEST_HOST = "$(BUILT_PRODUCTS_DIR)/iOS_Hacking.app/iOS_Hacking";
			};
			name = Debug;
		};
		1CB17FBD2246F7BB0038CD99 /* Release */ = {
			isa = XCBuildConfiguration;
			buildSettings = {
				ALWAYS_EMBED_SWIFT_STANDARD_LIBRARIES = YES;
				BUNDLE_LOADER = "$(TEST_HOST)";
				CODE_SIGN_STYLE = Automatic;
				DEVELOPMENT_TEAM = 6K559Y986U;
				INFOPLIST_FILE = iOS_HackingTests/Info.plist;
				LD_RUNPATH_SEARCH_PATHS = (
					"$(inherited)",
					"@executable_path/Frameworks",
					"@loader_path/Frameworks",
				);
				PRODUCT_BUNDLE_IDENTIFIER = "com.snowyla..iOS-HackingTests";
				PRODUCT_NAME = "$(TARGET_NAME)";
				SWIFT_VERSION = 5.0;
				TARGETED_DEVICE_FAMILY = "1,2";
				TEST_HOST = "$(BUILT_PRODUCTS_DIR)/iOS_Hacking.app/iOS_Hacking";
			};
			name = Release;
		};
/* End XCBuildConfiguration section */

/* Begin XCConfigurationList section */
		1CB17F962246F7BA0038CD99 /* Build configuration list for PBXProject "iOS_Hacking" */ = {
			isa = XCConfigurationList;
			buildConfigurations = (
				1CB17FB62246F7BB0038CD99 /* Debug */,
				1CB17FB72246F7BB0038CD99 /* Release */,
			);
			defaultConfigurationIsVisible = 0;
			defaultConfigurationName = Release;
		};
		1CB17FB82246F7BB0038CD99 /* Build configuration list for PBXNativeTarget "iOS_Hacking" */ = {
			isa = XCConfigurationList;
			buildConfigurations = (
				1CB17FB92246F7BB0038CD99 /* Debug */,
				1CB17FBA2246F7BB0038CD99 /* Release */,
			);
			defaultConfigurationIsVisible = 0;
			defaultConfigurationName = Release;
		};
		1CB17FBB2246F7BB0038CD99 /* Build configuration list for PBXNativeTarget "iOS_HackingTests" */ = {
			isa = XCConfigurationList;
			buildConfigurations = (
				1CB17FBC2246F7BB0038CD99 /* Debug */,
				1CB17FBD2246F7BB0038CD99 /* Release */,
			);
			defaultConfigurationIsVisible = 0;
			defaultConfigurationName = Release;
		};
/* End XCConfigurationList section */
	};
	rootObject = 1CB17F932246F7BA0038CD99 /* Project object */;
}
